
Microsoft Visual Studio Solution File, Format Version 12.00
# Visual Studio Version 17
VisualStudioVersion = 17.4.33122.133
MinimumVisualStudioVersion = 10.0.40219.1
Project("{FAE04EC0-301F-11D3-BF4B-00C04F79EFBC}") = "AngularAuthAPI", "AngularAuthAPI\AngularAuthAPI.csproj", "{B85CE9B3-5FA2-4109-91D4-40A2A26DEA73}"
EndProject
Global
	GlobalSection(SolutionConfigurationPlatforms) = preSolution
		Debug|Any CPU = Debug|Any CPU
		Release|Any CPU = Release|Any CPU
	EndGlobalSection
	GlobalSection(ProjectConfigurationPlatforms) = postSolution
		{B85CE9B3-5FA2-4109-91D4-40A2A26DEA73}.Debug|Any CPU.ActiveCfg = Debug|Any CPU
		{B85CE9B3-5FA2-4109-91D4-40A2A26DEA73}.Debug|Any CPU.Build.0 = Debug|Any CPU
		{B85CE9B3-5FA2-4109-91D4-40A2A26DEA73}.Release|Any CPU.ActiveCfg = Release|Any CPU
		{B85CE9B3-5FA2-4109-91D4-40A2A26DEA73}.Release|Any CPU.Build.0 = Release|Any CPU
	EndGlobalSection
	GlobalSection(SolutionProperties) = preSolution
		HideSolutionNode = FALSE
	EndGlobalSection
	GlobalSection(ExtensibilityGlobals) = postSolution
		SolutionGuid = {1E48FC7F-BECC-4E55-86A6-9E0E57914114}
	EndGlobalSection
EndGlobal
